
Microsoft Visual Studio Solution File, Format Version 12.00
# Visual Studio Version 16
VisualStudioVersion = 16.0.29709.97
MinimumVisualStudioVersion = 10.0.40219.1
Project("{FAE04EC0-301F-11D3-BF4B-00C04F79EFBC}") = "DeskBooker.Core.Tests", "DeskBooker.Core.Tests\DeskBooker.Core.Tests.csproj", "{C293FCE7-8FF0-4C47-8AB4-8C81F1EA5CCE}"
EndProject
Project("{FAE04EC0-301F-11D3-BF4B-00C04F79EFBC}") = "DeskBooker.Core", "DeskBooker.Core\DeskBooker.Core.csproj", "{9F409E4E-EE6A-49F0-AFC2-C94D24DBA4EC}"
EndProject
Global
	GlobalSection(SolutionConfigurationPlatforms) = preSolution
		Debug|Any CPU = Debug|Any CPU
		Release|Any CPU = Release|Any CPU
	EndGlobalSection
	GlobalSection(ProjectConfigurationPlatforms) = postSolution
		{C293FCE7-8FF0-4C47-8AB4-8C81F1EA5CCE}.Debug|Any CPU.ActiveCfg = Debug|Any CPU
		{C293FCE7-8FF0-4C47-8AB4-8C81F1EA5CCE}.Debug|Any CPU.Build.0 = Debug|Any CPU
		{C293FCE7-8FF0-4C47-8AB4-8C81F1EA5CCE}.Release|Any CPU.ActiveCfg = Release|Any CPU
		{C293FCE7-8FF0-4C47-8AB4-8C81F1EA5CCE}.Release|Any CPU.Build.0 = Release|Any CPU
		{9F409E4E-EE6A-49F0-AFC2-C94D24DBA4EC}.Debug|Any CPU.ActiveCfg = Debug|Any CPU
		{9F409E4E-EE6A-49F0-AFC2-C94D24DBA4EC}.Debug|Any CPU.Build.0 = Debug|Any CPU
		{9F409E4E-EE6A-49F0-AFC2-C94D24DBA4EC}.Release|Any CPU.ActiveCfg = Release|Any CPU
		{9F409E4E-EE6A-49F0-AFC2-C94D24DBA4EC}.Release|Any CPU.Build.0 = Release|Any CPU
	EndGlobalSection
	GlobalSection(SolutionProperties) = preSolution
		HideSolutionNode = FALSE
	EndGlobalSection
	GlobalSection(ExtensibilityGlobals) = postSolution
		SolutionGuid = {73F8AF43-5AD2-4ABA-AF73-0B5CE30D8A6F}
	EndGlobalSection
EndGlobal
